
Microsoft Visual Studio Solution File, Format Version 12.00
# Visual Studio Version 17
VisualStudioVersion = 17.0.31903.59
MinimumVisualStudioVersion = 10.0.40219.1
Project("{2150E333-8FDC-42A3-9474-1A3956D46DE8}") = "src", "src", "{827E0CD3-B72D-47B6-A68D-7590B98EB39B}"
EndProject
Project("{FAE04EC0-301F-11D3-BF4B-00C04F79EFBC}") = "PowerexScraper", "src\PowerexScraper\PowerexScraper.csproj", "{7583069D-7310-454B-936A-22840F0F5FE0}"
EndProject
Project("{2150E333-8FDC-42A3-9474-1A3956D46DE8}") = "tests", "tests", "{0AB3BF05-4346-4AA6-1389-037BE0695223}"
EndProject
Project("{FAE04EC0-301F-11D3-BF4B-00C04F79EFBC}") = "PowerexScraper.Tests", "tests\PowerexScraper.Tests\PowerexScraper.Tests.csproj", "{5FECD909-D299-4252-9A6D-3FDA4C476FE7}"
EndProject
Project("{FAE04EC0-301F-11D3-BF4B-00C04F79EFBC}") = "PowerexScraper.IntegrationTests", "tests\PowerexScraper.IntegrationTests\PowerexScraper.IntegrationTests.csproj", "{FC1114F6-45AD-4660-BBB6-2AAF1B66C5A6}"
EndProject
Project("{FAE04EC0-301F-11D3-BF4B-00C04F79EFBC}") = "PowerexScraper.LocalRunner", "src\PowerexScraper.LocalRunner\PowerexScraper.LocalRunner.csproj", "{FDEAE762-4F49-49A3-BE6F-D3C6700FC405}"
EndProject
Global
	GlobalSection(SolutionConfigurationPlatforms) = preSolution
		Debug|Any CPU = Debug|Any CPU
		Debug|x64 = Debug|x64
		Debug|x86 = Debug|x86
		Release|Any CPU = Release|Any CPU
		Release|x64 = Release|x64
		Release|x86 = Release|x86
	EndGlobalSection
	GlobalSection(ProjectConfigurationPlatforms) = postSolution
		{7583069D-7310-454B-936A-22840F0F5FE0}.Debug|Any CPU.ActiveCfg = Debug|Any CPU
		{7583069D-7310-454B-936A-22840F0F5FE0}.Debug|Any CPU.Build.0 = Debug|Any CPU
		{7583069D-7310-454B-936A-22840F0F5FE0}.Debug|x64.ActiveCfg = Debug|Any CPU
		{7583069D-7310-454B-936A-22840F0F5FE0}.Debug|x64.Build.0 = Debug|Any CPU
		{7583069D-7310-454B-936A-22840F0F5FE0}.Debug|x86.ActiveCfg = Debug|Any CPU
		{7583069D-7310-454B-936A-22840F0F5FE0}.Debug|x86.Build.0 = Debug|Any CPU
		{7583069D-7310-454B-936A-22840F0F5FE0}.Release|Any CPU.ActiveCfg = Release|Any CPU
		{7583069D-7310-454B-936A-22840F0F5FE0}.Release|Any CPU.Build.0 = Release|Any CPU
		{7583069D-7310-454B-936A-22840F0F5FE0}.Release|x64.ActiveCfg = Release|Any CPU
		{7583069D-7310-454B-936A-22840F0F5FE0}.Release|x64.Build.0 = Release|Any CPU
		{7583069D-7310-454B-936A-22840F0F5FE0}.Release|x86.ActiveCfg = Release|Any CPU
		{7583069D-7310-454B-936A-22840F0F5FE0}.Release|x86.Build.0 = Release|Any CPU
		{5FECD909-D299-4252-9A6D-3FDA4C476FE7}.Debug|Any CPU.ActiveCfg = Debug|Any CPU
		{5FECD909-D299-4252-9A6D-3FDA4C476FE7}.Debug|Any CPU.Build.0 = Debug|Any CPU
		{5FECD909-D299-4252-9A6D-3FDA4C476FE7}.Debug|x64.ActiveCfg = Debug|Any CPU
		{5FECD909-D299-4252-9A6D-3FDA4C476FE7}.Debug|x64.Build.0 = Debug|Any CPU
		{5FECD909-D299-4252-9A6D-3FDA4C476FE7}.Debug|x86.ActiveCfg = Debug|Any CPU
		{5FECD909-D299-4252-9A6D-3FDA4C476FE7}.Debug|x86.Build.0 = Debug|Any CPU
		{5FECD909-D299-4252-9A6D-3FDA4C476FE7}.Release|Any CPU.ActiveCfg = Release|Any CPU
		{5FECD909-D299-4252-9A6D-3FDA4C476FE7}.Release|Any CPU.Build.0 = Release|Any CPU
		{5FECD909-D299-4252-9A6D-3FDA4C476FE7}.Release|x64.ActiveCfg = Release|Any CPU
		{5FECD909-D299-4252-9A6D-3FDA4C476FE7}.Release|x64.Build.0 = Release|Any CPU
		{5FECD909-D299-4252-9A6D-3FDA4C476FE7}.Release|x86.ActiveCfg = Release|Any CPU
		{5FECD909-D299-4252-9A6D-3FDA4C476FE7}.Release|x86.Build.0 = Release|Any CPU
		{FC1114F6-45AD-4660-BBB6-2AAF1B66C5A6}.Debug|Any CPU.ActiveCfg = Debug|Any CPU
		{FC1114F6-45AD-4660-BBB6-2AAF1B66C5A6}.Debug|Any CPU.Build.0 = Debug|Any CPU
		{FC1114F6-45AD-4660-BBB6-2AAF1B66C5A6}.Debug|x64.ActiveCfg = Debug|Any CPU
		{FC1114F6-45AD-4660-BBB6-2AAF1B66C5A6}.Debug|x64.Build.0 = Debug|Any CPU
		{FC1114F6-45AD-4660-BBB6-2AAF1B66C5A6}.Debug|x86.ActiveCfg = Debug|Any CPU
		{FC1114F6-45AD-4660-BBB6-2AAF1B66C5A6}.Debug|x86.Build.0 = Debug|Any CPU
		{FC1114F6-45AD-4660-BBB6-2AAF1B66C5A6}.Release|Any CPU.ActiveCfg = Release|Any CPU
		{FC1114F6-45AD-4660-BBB6-2AAF1B66C5A6}.Release|Any CPU.Build.0 = Release|Any CPU
		{FC1114F6-45AD-4660-BBB6-2AAF1B66C5A6}.Release|x64.ActiveCfg = Release|Any CPU
		{FC1114F6-45AD-4660-BBB6-2AAF1B66C5A6}.Release|x64.Build.0 = Release|Any CPU
		{FC1114F6-45AD-4660-BBB6-2AAF1B66C5A6}.Release|x86.ActiveCfg = Release|Any CPU
		{FC1114F6-45AD-4660-BBB6-2AAF1B66C5A6}.Release|x86.Build.0 = Release|Any CPU
		{FDEAE762-4F49-49A3-BE6F-D3C6700FC405}.Debug|Any CPU.ActiveCfg = Debug|Any CPU
		{FDEAE762-4F49-49A3-BE6F-D3C6700FC405}.Debug|Any CPU.Build.0 = Debug|Any CPU
		{FDEAE762-4F49-49A3-BE6F-D3C6700FC405}.Debug|x64.ActiveCfg = Debug|Any CPU
		{FDEAE762-4F49-49A3-BE6F-D3C6700FC405}.Debug|x64.Build.0 = Debug|Any CPU
		{FDEAE762-4F49-49A3-BE6F-D3C6700FC405}.Debug|x86.ActiveCfg = Debug|Any CPU
		{FDEAE762-4F49-49A3-BE6F-D3C6700FC405}.Debug|x86.Build.0 = Debug|Any CPU
		{FDEAE762-4F49-49A3-BE6F-D3C6700FC405}.Release|Any CPU.ActiveCfg = Release|Any CPU
		{FDEAE762-4F49-49A3-BE6F-D3C6700FC405}.Release|Any CPU.Build.0 = Release|Any CPU
		{FDEAE762-4F49-49A3-BE6F-D3C6700FC405}.Release|x64.ActiveCfg = Release|Any CPU
		{FDEAE762-4F49-49A3-BE6F-D3C6700FC405}.Release|x64.Build.0 = Release|Any CPU
		{FDEAE762-4F49-49A3-BE6F-D3C6700FC405}.Release|x86.ActiveCfg = Release|Any CPU
		{FDEAE762-4F49-49A3-BE6F-D3C6700FC405}.Release|x86.Build.0 = Release|Any CPU
	EndGlobalSection
	GlobalSection(SolutionProperties) = preSolution
		HideSolutionNode = FALSE
	EndGlobalSection
	GlobalSection(NestedProjects) = preSolution
		{7583069D-7310-454B-936A-22840F0F5FE0} = {827E0CD3-B72D-47B6-A68D-7590B98EB39B}
		{5FECD909-D299-4252-9A6D-3FDA4C476FE7} = {0AB3BF05-4346-4AA6-1389-037BE0695223}
		{FC1114F6-45AD-4660-BBB6-2AAF1B66C5A6} = {0AB3BF05-4346-4AA6-1389-037BE0695223}
		{FDEAE762-4F49-49A3-BE6F-D3C6700FC405} = {827E0CD3-B72D-47B6-A68D-7590B98EB39B}
	EndGlobalSection
EndGlobal
